
Microsoft Visual Studio Solution File, Format Version 12.00
# Visual Studio Version 17
VisualStudioVersion = 17.7.34031.279
MinimumVisualStudioVersion = 10.0.40219.1
Project("{FAE04EC0-301F-11D3-BF4B-00C04F79EFBC}") = "TodoApi", "TodoApi\TodoApi.csproj", "{DF483A82-EB4F-4356-8535-56CBD323FCEB}"
EndProject
Global
	GlobalSection(SolutionConfigurationPlatforms) = preSolution
		Debug|Any CPU = Debug|Any CPU
		Release|Any CPU = Release|Any CPU
	EndGlobalSection
	GlobalSection(ProjectConfigurationPlatforms) = postSolution
		{DF483A82-EB4F-4356-8535-56CBD323FCEB}.Debug|Any CPU.ActiveCfg = Debug|Any CPU
		{DF483A82-EB4F-4356-8535-56CBD323FCEB}.Debug|Any CPU.Build.0 = Debug|Any CPU
		{DF483A82-EB4F-4356-8535-56CBD323FCEB}.Release|Any CPU.ActiveCfg = Release|Any CPU
		{DF483A82-EB4F-4356-8535-56CBD323FCEB}.Release|Any CPU.Build.0 = Release|Any CPU
	EndGlobalSection
	GlobalSection(SolutionProperties) = preSolution
		HideSolutionNode = FALSE
	EndGlobalSection
	GlobalSection(ExtensibilityGlobals) = postSolution
		SolutionGuid = {A0F19723-BE26-440A-9382-2791CB90326E}
	EndGlobalSection
EndGlobal
